
Microsoft Visual Studio Solution File, Format Version 12.00
# Visual Studio 15
VisualStudioVersion = 15.0.28010.2036
MinimumVisualStudioVersion = 10.0.40219.1
Project("{FAE04EC0-301F-11D3-BF4B-00C04F79EFBC}") = "TWS", "TWS\TWS.csproj", "{8D14A2A4-C46A-4CFD-A8A6-5395B52F160D}"
EndProject
Global
	GlobalSection(SolutionConfigurationPlatforms) = preSolution
		Debug|Any CPU = Debug|Any CPU
		Release|Any CPU = Release|Any CPU
	EndGlobalSection
	GlobalSection(ProjectConfigurationPlatforms) = postSolution
		{8D14A2A4-C46A-4CFD-A8A6-5395B52F160D}.Debug|Any CPU.ActiveCfg = Debug|Any CPU
		{8D14A2A4-C46A-4CFD-A8A6-5395B52F160D}.Debug|Any CPU.Build.0 = Debug|Any CPU
		{8D14A2A4-C46A-4CFD-A8A6-5395B52F160D}.Release|Any CPU.ActiveCfg = Release|Any CPU
		{8D14A2A4-C46A-4CFD-A8A6-5395B52F160D}.Release|Any CPU.Build.0 = Release|Any CPU
	EndGlobalSection
	GlobalSection(SolutionProperties) = preSolution
		HideSolutionNode = FALSE
	EndGlobalSection
	GlobalSection(ExtensibilityGlobals) = postSolution
		SolutionGuid = {96BEEDC6-EDF2-4D63-9CC4-73AD015C12BF}
	EndGlobalSection
EndGlobal
